{
  "requires": true,
  "lockfileVersion": 1,
  "dependencies": {
    "@ionic-native/camera": {
      "version": "5.9.0",
      "resolved": "https://registry.npmjs.org/@ionic-native/camera/-/camera-5.9.0.tgz",
      "integrity": "sha512-gCFKTX69p7f+yNhG0+k8p1cBXsc+W7JjtX0OYHhTH+SeI3toSDRJS8NitHtqhX2m9SUitq08wXIdWWYb5IQACA==",
      "requires": {
        "@types/cordova": "^0.0.34"
      }
    },
    "@types/cordova": {
      "version": "0.0.34",
      "resolved": "https://registry.npmjs.org/@types/cordova/-/cordova-0.0.34.tgz",
      "integrity": "sha1-6nrd907Ow9dimCegw54smt3HPQQ="
    }
  }
}
